// !$*UTF8*$!
{
	archiveVersion = 1;
	classes = {
	};
	objectVersion = 50;
	objects = {

/* Begin PBXBuildFile section */
		FA232E9025E2BFDE008E377F /* AppDelegate.swift in Sources */ = {isa = PBXBuildFile; fileRef = FA232E8F25E2BFDE008E377F /* AppDelegate.swift */; };
		FA232E9225E2BFDE008E377F /* SceneDelegate.swift in Sources */ = {isa = PBXBuildFile; fileRef = FA232E9125E2BFDE008E377F /* SceneDelegate.swift */; };
		FA232E9425E2BFDE008E377F /* ViewController.swift in Sources */ = {isa = PBXBuildFile; fileRef = FA232E9325E2BFDE008E377F /* ViewController.swift */; };
		FA232E9725E2BFDE008E377F /* Main.storyboard in Resources */ = {isa = PBXBuildFile; fileRef = FA232E9525E2BFDE008E377F /* Main.storyboard */; };
		FA232E9925E2BFE1008E377F /* Assets.xcassets in Resources */ = {isa = PBXBuildFile; fileRef = FA232E9825E2BFE1008E377F /* Assets.xcassets */; };
		FA232E9C25E2BFE1008E377F /* LaunchScreen.storyboard in Resources */ = {isa = PBXBuildFile; fileRef = FA232E9A25E2BFE1008E377F /* LaunchScreen.storyboard */; };
		FA232EA725E2BFE2008E377F /* TaskTests.swift in Sources */ = {isa = PBXBuildFile; fileRef = FA232EA625E2BFE2008E377F /* TaskTests.swift */; };
		FA232EB225E2BFE2008E377F /* TaskUITests.swift in Sources */ = {isa = PBXBuildFile; fileRef = FA232EB125E2BFE2008E377F /* TaskUITests.swift */; };
/* End PBXBuildFile section */

/* Begin PBXContainerItemProxy section */
		FA232EA325E2BFE2008E377F /* PBXContainerItemProxy */ = {
			isa = PBXContainerItemProxy;
			containerPortal = FA232E8425E2BFDE008E377F /* Project object */;
			proxyType = 1;
			remoteGlobalIDString = FA232E8B25E2BFDE008E377F;
			remoteInfo = Task;
		};
		FA232EAE25E2BFE2008E377F /* PBXContainerItemProxy */ = {
			isa = PBXContainerItemProxy;
			containerPortal = FA232E8425E2BFDE008E377F /* Project object */;
			proxyType = 1;
			remoteGlobalIDString = FA232E8B25E2BFDE008E377F;
			remoteInfo = Task;
		};
/* End PBXContainerItemProxy section */

/* Begin PBXFileReference section */
		FA232E8C25E2BFDE008E377F /* Task.app */ = {isa = PBXFileReference; explicitFileType = wrapper.application; includeInIndex = 0; path = Task.app; sourceTree = BUILT_PRODUCTS_DIR; };
		FA232E8F25E2BFDE008E377F /* AppDelegate.swift */ = {isa = PBXFileReference; lastKnownFileType = sourcecode.swift; path = AppDelegate.swift; sourceTree = "<group>"; };
		FA232E9125E2BFDE008E377F /* SceneDelegate.swift */ = {isa = PBXFileReference; lastKnownFileType = sourcecode.swift; path = SceneDelegate.swift; sourceTree = "<group>"; };
		FA232E9325E2BFDE008E377F /* ViewController.swift */ = {isa = PBXFileReference; lastKnownFileType = sourcecode.swift; path = ViewController.swift; sourceTree = "<group>"; };
		FA232E9625E2BFDE008E377F /* Base */ = {isa = PBXFileReference; lastKnownFileType = file.storyboard; name = Base; path = Base.lproj/Main.storyboard; sourceTree = "<group>"; };
		FA232E9825E2BFE1008E377F /* Assets.xcassets */ = {isa = PBXFileReference; lastKnownFileType = folder.assetcatalog; path = Assets.xcassets; sourceTree = "<group>"; };
		FA232E9B25E2BFE1008E377F /* Base */ = {isa = PBXFileReference; lastKnownFileType = file.storyboard; name = Base; path = Base.lproj/LaunchScreen.storyboard; sourceTree = "<group>"; };
		FA232E9D25E2BFE1008E377F /* Info.plist */ = {isa = PBXFileReference; lastKnownFileType = text.plist.xml; path = Info.plist; sourceTree = "<group>"; };
		FA232EA225E2BFE2008E377F /* TaskTests.xctest */ = {isa = PBXFileReference; explicitFileType = wrapper.cfbundle; includeInIndex = 0; path = TaskTests.xctest; sourceTree = BUILT_PRODUCTS_DIR; };
		FA232EA625E2BFE2008E377F /* TaskTests.swift */ = {isa = PBXFileReference; lastKnownFileType = sourcecode.swift; path = TaskTests.swift; sourceTree = "<group>"; };
		FA232EA825E2BFE2008E377F /* Info.plist */ = {isa = PBXFileReference; lastKnownFileType = text.plist.xml; path = Info.plist; sourceTree = "<group>"; };
		FA232EAD25E2BFE2008E377F /* TaskUITests.xctest */ = {isa = PBXFileReference; explicitFileType = wrapper.cfbundle; includeInIndex = 0; path = TaskUITests.xctest; sourceTree = BUILT_PRODUCTS_DIR; };
		FA232EB125E2BFE2008E377F /* TaskUITests.swift */ = {isa = PBXFileReference; lastKnownFileType = sourcecode.swift; path = TaskUITests.swift; sourceTree = "<group>"; };
		FA232EB325E2BFE2008E377F /* Info.plist */ = {isa = PBXFileReference; lastKnownFileType = text.plist.xml; path = Info.plist; sourceTree = "<group>"; };
/* End PBXFileReference section */

/* Begin PBXFrameworksBuildPhase section */
		FA232E8925E2BFDE008E377F /* Frameworks */ = {
			isa = PBXFrameworksBuildPhase;
			buildActionMask = 2147483647;
			files = (
			);
			runOnlyForDeploymentPostprocessing = 0;
		};
		FA232E9F25E2BFE2008E377F /* Frameworks */ = {
			isa = PBXFrameworksBuildPhase;
			buildActionMask = 2147483647;
			files = (
			);
			runOnlyForDeploymentPostprocessing = 0;
		};
		FA232EAA25E2BFE2008E377F /* Frameworks */ = {
			isa = PBXFrameworksBuildPhase;
			buildActionMask = 2147483647;
			files = (
			);
			runOnlyForDeploymentPostprocessing = 0;
		};
/* End PBXFrameworksBuildPhase section */

/* Begin PBXGroup section */
		FA232E8325E2BFDE008E377F = {
			isa = PBXGroup;
			children = (
				FA232E8E25E2BFDE008E377F /* Task */,
				FA232EA525E2BFE2008E377F /* TaskTests */,
				FA232EB025E2BFE2008E377F /* TaskUITests */,
				FA232E8D25E2BFDE008E377F /* Products */,
			);
			sourceTree = "<group>";
		};
		FA232E8D25E2BFDE008E377F /* Products */ = {
			isa = PBXGroup;
			children = (
				FA232E8C25E2BFDE008E377F /* Task.app */,
				FA232EA225E2BFE2008E377F /* TaskTests.xctest */,
				FA232EAD25E2BFE2008E377F /* TaskUITests.xctest */,
			);
			name = Products;
			sourceTree = "<group>";
		};
		FA232E8E25E2BFDE008E377F /* Task */ = {
			isa = PBXGroup;
			children = (
				FA232E8F25E2BFDE008E377F /* AppDelegate.swift */,
				FA232E9125E2BFDE008E377F /* SceneDelegate.swift */,
				FA232E9325E2BFDE008E377F /* ViewController.swift */,
				FA232E9525E2BFDE008E377F /* Main.storyboard */,
				FA232E9825E2BFE1008E377F /* Assets.xcassets */,
				FA232E9A25E2BFE1008E377F /* LaunchScreen.storyboard */,
				FA232E9D25E2BFE1008E377F /* Info.plist */,
			);
			path = Task;
			sourceTree = "<group>";
		};
		FA232EA525E2BFE2008E377F /* TaskTests */ = {
			isa = PBXGroup;
			children = (
				FA232EA625E2BFE2008E377F /* TaskTests.swift */,
				FA232EA825E2BFE2008E377F /* Info.plist */,
			);
			path = TaskTests;
			sourceTree = "<group>";
		};
		FA232EB025E2BFE2008E377F /* TaskUITests */ = {
			isa = PBXGroup;
			children = (
				FA232EB125E2BFE2008E377F /* TaskUITests.swift */,
				FA232EB325E2BFE2008E377F /* Info.plist */,
			);
			path = TaskUITests;
			sourceTree = "<group>";
		};
/* End PBXGroup section */

/* Begin PBXNativeTarget section */
		FA232E8B25E2BFDE008E377F /* Task */ = {
			isa = PBXNativeTarget;
			buildConfigurationList = FA232EB625E2BFE2008E377F /* Build configuration list for PBXNativeTarget "Task" */;
			buildPhases = (
				FA232E8825E2BFDE008E377F /* Sources */,
				FA232E8925E2BFDE008E377F /* Frameworks */,
				FA232E8A25E2BFDE008E377F /* Resources */,
			);
			buildRules = (
			);
			dependencies = (
			);
			name = Task;
			productName = Task;
			productReference = FA232E8C25E2BFDE008E377F /* Task.app */;
			productType = "com.apple.product-type.application";
		};
		FA232EA125E2BFE2008E377F /* TaskTests */ = {
			isa = PBXNativeTarget;
			buildConfigurationList = FA232EB925E2BFE2008E377F /* Build configuration list for PBXNativeTarget "TaskTests" */;
			buildPhases = (
				FA232E9E25E2BFE2008E377F /* Sources */,
				FA232E9F25E2BFE2008E377F /* Frameworks */,
				FA232EA025E2BFE2008E377F /* Resources */,
			);
			buildRules = (
			);
			dependencies = (
				FA232EA425E2BFE2008E377F /* PBXTargetDependency */,
			);
			name = TaskTests;
			productName = TaskTests;
			productReference = FA232EA225E2BFE2008E377F /* TaskTests.xctest */;
			productType = "com.apple.product-type.bundle.unit-test";
		};
		FA232EAC25E2BFE2008E377F /* TaskUITests */ = {
			isa = PBXNativeTarget;
			buildConfigurationList = FA232EBC25E2BFE2008E377F /* Build configuration list for PBXNativeTarget "TaskUITests" */;
			buildPhases = (
				FA232EA925E2BFE2008E377F /* Sources */,
				FA232EAA25E2BFE2008E377F /* Frameworks */,
				FA232EAB25E2BFE2008E377F /* Resources */,
			);
			buildRules = (
			);
			dependencies = (
				FA232EAF25E2BFE2008E377F /* PBXTargetDependency */,
			);
			name = TaskUITests;
			productName = TaskUITests;
			productReference = FA232EAD25E2BFE2008E377F /* TaskUITests.xctest */;
			productType = "com.apple.product-type.bundle.ui-testing";
		};
/* End PBXNativeTarget section */

/* Begin PBXProject section */
		FA232E8425E2BFDE008E377F /* Project object */ = {
			isa = PBXProject;
			attributes = {
				LastSwiftUpdateCheck = 1210;
				LastUpgradeCheck = 1210;
				TargetAttributes = {
					FA232E8B25E2BFDE008E377F = {
						CreatedOnToolsVersion = 12.1;
					};
					FA232EA125E2BFE2008E377F = {
						CreatedOnToolsVersion = 12.1;
						TestTargetID = FA232E8B25E2BFDE008E377F;
					};
					FA232EAC25E2BFE2008E377F = {
						CreatedOnToolsVersion = 12.1;
						TestTargetID = FA232E8B25E2BFDE008E377F;
					};
				};
			};
			buildConfigurationList = FA232E8725E2BFDE008E377F /* Build configuration list for PBXProject "Task" */;
			compatibilityVersion = "Xcode 9.3";
			developmentRegion = en;
			hasScannedForEncodings = 0;
			knownRegions = (
				en,
				Base,
			);
			mainGroup = FA232E8325E2BFDE008E377F;
			productRefGroup = FA232E8D25E2BFDE008E377F /* Products */;
			projectDirPath = "";
			projectRoot = "";
			targets = (
				FA232E8B25E2BFDE008E377F /* Task */,
				FA232EA125E2BFE2008E377F /* TaskTests */,
				FA232EAC25E2BFE2008E377F /* TaskUITests */,
			);
		};
/* End PBXProject section */

/* Begin PBXResourcesBuildPhase section */
		FA232E8A25E2BFDE008E377F /* Resources */ = {
			isa = PBXResourcesBuildPhase;
			buildActionMask = 2147483647;
			files = (
				FA232E9C25E2BFE1008E377F /* LaunchScreen.storyboard in Resources */,
				FA232E9925E2BFE1008E377F /* Assets.xcassets in Resources */,
				FA232E9725E2BFDE008E377F /* Main.storyboard in Resources */,
			);
			runOnlyForDeploymentPostprocessing = 0;
		};
		FA232EA025E2BFE2008E377F /* Resources */ = {
			isa = PBXResourcesBuildPhase;
			buildActionMask = 2147483647;
			files = (
			);
			runOnlyForDeploymentPostprocessing = 0;
		};
		FA232EAB25E2BFE2008E377F /* Resources */ = {
			isa = PBXResourcesBuildPhase;
			buildActionMask = 2147483647;
			files = (
			);
			runOnlyForDeploymentPostprocessing = 0;
		};
/* End PBXResourcesBuildPhase section */

/* Begin PBXSourcesBuildPhase section */
		FA232E8825E2BFDE008E377F /* Sources */ = {
			isa = PBXSourcesBuildPhase;
			buildActionMask = 2147483647;
			files = (
				FA232E9425E2BFDE008E377F /* ViewController.swift in Sources */,
				FA232E9025E2BFDE008E377F /* AppDelegate.swift in Sources */,
				FA232E9225E2BFDE008E377F /* SceneDelegate.swift in Sources */,
			);
			runOnlyForDeploymentPostprocessing = 0;
		};
		FA232E9E25E2BFE2008E377F /* Sources */ = {
			isa = PBXSourcesBuildPhase;
			buildActionMask = 2147483647;
			files = (
				FA232EA725E2BFE2008E377F /* TaskTests.swift in Sources */,
			);
			runOnlyForDeploymentPostprocessing = 0;
		};
		FA232EA925E2BFE2008E377F /* Sources */ = {
			isa = PBXSourcesBuildPhase;
			buildActionMask = 2147483647;
			files = (
				FA232EB225E2BFE2008E377F /* TaskUITests.swift in Sources */,
			);
			runOnlyForDeploymentPostprocessing = 0;
		};
/* End PBXSourcesBuildPhase section */

/* Begin PBXTargetDependency section */
		FA232EA425E2BFE2008E377F /* PBXTargetDependency */ = {
			isa = PBXTargetDependency;
			target = FA232E8B25E2BFDE008E377F /* Task */;
			targetProxy = FA232EA325E2BFE2008E377F /* PBXContainerItemProxy */;
		};
		FA232EAF25E2BFE2008E377F /* PBXTargetDependency */ = {
			isa = PBXTargetDependency;
			target = FA232E8B25E2BFDE008E377F /* Task */;
			targetProxy = FA232EAE25E2BFE2008E377F /* PBXContainerItemProxy */;
		};
/* End PBXTargetDependency section */

/* Begin PBXVariantGroup section */
		FA232E9525E2BFDE008E377F /* Main.storyboard */ = {
			isa = PBXVariantGroup;
			children = (
				FA232E9625E2BFDE008E377F /* Base */,
			);
			name = Main.storyboard;
			sourceTree = "<group>";
		};
		FA232E9A25E2BFE1008E377F /* LaunchScreen.storyboard */ = {
			isa = PBXVariantGroup;
			children = (
				FA232E9B25E2BFE1008E377F /* Base */,
			);
			name = LaunchScreen.storyboard;
			sourceTree = "<group>";
		};
/* End PBXVariantGroup section */

/* Begin XCBuildConfiguration section */
		FA232EB425E2BFE2008E377F /* Debug */ = {
			isa = XCBuildConfiguration;
			buildSettings = {
				ALWAYS_SEARCH_USER_PATHS = NO;
				CLANG_ANALYZER_NONNULL = YES;
				CLANG_ANALYZER_NUMBER_OBJECT_CONVERSION = YES_AGGRESSIVE;
				CLANG_CXX_LANGUAGE_STANDARD = "gnu++14";
				CLANG_CXX_LIBRARY = "libc++";
				CLANG_ENABLE_MODULES = YES;
				CLANG_ENABLE_OBJC_ARC = YES;
				CLANG_ENABLE_OBJC_WEAK = YES;
				CLANG_WARN_BLOCK_CAPTURE_AUTORELEASING = YES;
				CLANG_WARN_BOOL_CONVERSION = YES;
				CLANG_WARN_COMMA = YES;
				CLANG_WARN_CONSTANT_CONVERSION = YES;
				CLANG_WARN_DEPRECATED_OBJC_IMPLEMENTATIONS = YES;
				CLANG_WARN_DIRECT_OBJC_ISA_USAGE = YES_ERROR;
				CLANG_WARN_DOCUMENTATION_COMMENTS = YES;
				CLANG_WARN_EMPTY_BODY = YES;
				CLANG_WARN_ENUM_CONVERSION = YES;
				CLANG_WARN_INFINITE_RECURSION = YES;
				CLANG_WARN_INT_CONVERSION = YES;
				CLANG_WARN_NON_LITERAL_NULL_CONVERSION = YES;
				CLANG_WARN_OBJC_IMPLICIT_RETAIN_SELF = YES;
				CLANG_WARN_OBJC_LITERAL_CONVERSION = YES;
				CLANG_WARN_OBJC_ROOT_CLASS = YES_ERROR;
				CLANG_WARN_QUOTED_INCLUDE_IN_FRAMEWORK_HEADER = YES;
				CLANG_WARN_RANGE_LOOP_ANALYSIS = YES;
				CLANG_WARN_STRICT_PROTOTYPES = YES;
				CLANG_WARN_SUSPICIOUS_MOVE = YES;
				CLANG_WARN_UNGUARDED_AVAILABILITY = YES_AGGRESSIVE;
				CLANG_WARN_UNREACHABLE_CODE = YES;
				CLANG_WARN__DUPLICATE_METHOD_MATCH = YES;
				COPY_PHASE_STRIP = NO;
				DEBUG_INFORMATION_FORMAT = dwarf;
				ENABLE_STRICT_OBJC_MSGSEND = YES;
				ENABLE_TESTABILITY = YES;
				GCC_C_LANGUAGE_STANDARD = gnu11;
				GCC_DYNAMIC_NO_PIC = NO;
				GCC_NO_COMMON_BLOCKS = YES;
				GCC_OPTIMIZATION_LEVEL = 0;
				GCC_PREPROCESSOR_DEFINITIONS = (
					"DEBUG=1",
					"$(inherited)",
				);
				GCC_WARN_64_TO_32_BIT_CONVERSION = YES;
				GCC_WARN_ABOUT_RETURN_TYPE = YES_ERROR;
				GCC_WARN_UNDECLARED_SELECTOR = YES;
				GCC_WARN_UNINITIALIZED_AUTOS = YES_AGGRESSIVE;
				GCC_WARN_UNUSED_FUNCTION = YES;
				GCC_WARN_UNUSED_VARIABLE = YES;
				IPHONEOS_DEPLOYMENT_TARGET = 14.1;
				MTL_ENABLE_DEBUG_INFO = INCLUDE_SOURCE;
				MTL_FAST_MATH = YES;
				ONLY_ACTIVE_ARCH = YES;
				SDKROOT = iphoneos;
				SWIFT_ACTIVE_COMPILATION_CONDITIONS = DEBUG;
				SWIFT_OPTIMIZATION_LEVEL = "-Onone";
			};
			name = Debug;
		};
		FA232EB525E2BFE2008E377F /* Release */ = {
			isa = XCBuildConfiguration;
			buildSettings = {
				ALWAYS_SEARCH_USER_PATHS = NO;
				CLANG_ANALYZER_NONNULL = YES;
				CLANG_ANALYZER_NUMBER_OBJECT_CONVERSION = YES_AGGRESSIVE;
				CLANG_CXX_LANGUAGE_STANDARD = "gnu++14";
				CLANG_CXX_LIBRARY = "libc++";
				CLANG_ENABLE_MODULES = YES;
				CLANG_ENABLE_OBJC_ARC = YES;
				CLANG_ENABLE_OBJC_WEAK = YES;
				CLANG_WARN_BLOCK_CAPTURE_AUTORELEASING = YES;
				CLANG_WARN_BOOL_CONVERSION = YES;
				CLANG_WARN_COMMA = YES;
				CLANG_WARN_CONSTANT_CONVERSION = YES;
				CLANG_WARN_DEPRECATED_OBJC_IMPLEMENTATIONS = YES;
				CLANG_WARN_DIRECT_OBJC_ISA_USAGE = YES_ERROR;
				CLANG_WARN_DOCUMENTATION_COMMENTS = YES;
				CLANG_WARN_EMPTY_BODY = YES;
				CLANG_WARN_ENUM_CONVERSION = YES;
				CLANG_WARN_INFINITE_RECURSION = YES;
				CLANG_WARN_INT_CONVERSION = YES;
				CLANG_WARN_NON_LITERAL_NULL_CONVERSION = YES;
				CLANG_WARN_OBJC_IMPLICIT_RETAIN_SELF = YES;
				CLANG_WARN_OBJC_LITERAL_CONVERSION = YES;
				CLANG_WARN_OBJC_ROOT_CLASS = YES_ERROR;
				CLANG_WARN_QUOTED_INCLUDE_IN_FRAMEWORK_HEADER = YES;
				CLANG_WARN_RANGE_LOOP_ANALYSIS = YES;
				CLANG_WARN_STRICT_PROTOTYPES = YES;
				CLANG_WARN_SUSPICIOUS_MOVE = YES;
				CLANG_WARN_UNGUARDED_AVAILABILITY = YES_AGGRESSIVE;
				CLANG_WARN_UNREACHABLE_CODE = YES;
				CLANG_WARN__DUPLICATE_METHOD_MATCH = YES;
				COPY_PHASE_STRIP = NO;
				DEBUG_INFORMATION_FORMAT = "dwarf-with-dsym";
				ENABLE_NS_ASSERTIONS = NO;
				ENABLE_STRICT_OBJC_MSGSEND = YES;
				GCC_C_LANGUAGE_STANDARD = gnu11;
				GCC_NO_COMMON_BLOCKS = YES;
				GCC_WARN_64_TO_32_BIT_CONVERSION = YES;
				GCC_WARN_ABOUT_RETURN_TYPE = YES_ERROR;
				GCC_WARN_UNDECLARED_SELECTOR = YES;
				GCC_WARN_UNINITIALIZED_AUTOS = YES_AGGRESSIVE;
				GCC_WARN_UNUSED_FUNCTION = YES;
				GCC_WARN_UNUSED_VARIABLE = YES;
				IPHONEOS_DEPLOYMENT_TARGET = 14.1;
				MTL_ENABLE_DEBUG_INFO = NO;
				MTL_FAST_MATH = YES;
				SDKROOT = iphoneos;
				SWIFT_COMPILATION_MODE = wholemodule;
				SWIFT_OPTIMIZATION_LEVEL = "-O";
				VALIDATE_PRODUCT = YES;
			};
			name = Release;
		};
		FA232EB725E2BFE2008E377F /* Debug */ = {
			isa = XCBuildConfiguration;
			buildSettings = {
				ASSETCATALOG_COMPILER_APPICON_NAME = AppIcon;
				ASSETCATALOG_COMPILER_GLOBAL_ACCENT_COLOR_NAME = AccentColor;
				CODE_SIGN_STYLE = Automatic;
				INFOPLIST_FILE = Task/Info.plist;
				LD_RUNPATH_SEARCH_PATHS = (
					"$(inherited)",
					"@executable_path/Frameworks",
				);
				PRODUCT_BUNDLE_IDENTIFIER = rahma.Task;
				PRODUCT_NAME = "$(TARGET_NAME)";
				SWIFT_VERSION = 5.0;
				TARGETED_DEVICE_FAMILY = "1,2";
			};
			name = Debug;
		};
		FA232EB825E2BFE2008E377F /* Release */ = {
			isa = XCBuildConfiguration;
			buildSettings = {
				ASSETCATALOG_COMPILER_APPICON_NAME = AppIcon;
				ASSETCATALOG_COMPILER_GLOBAL_ACCENT_COLOR_NAME = AccentColor;
				CODE_SIGN_STYLE = Automatic;
				INFOPLIST_FILE = Task/Info.plist;
				LD_RUNPATH_SEARCH_PATHS = (
					"$(inherited)",
					"@executable_path/Frameworks",
				);
				PRODUCT_BUNDLE_IDENTIFIER = rahma.Task;
				PRODUCT_NAME = "$(TARGET_NAME)";
				SWIFT_VERSION = 5.0;
				TARGETED_DEVICE_FAMILY = "1,2";
			};
			name = Release;
		};
		FA232EBA25E2BFE2008E377F /* Debug */ = {
			isa = XCBuildConfiguration;
			buildSettings = {
				ALWAYS_EMBED_SWIFT_STANDARD_LIBRARIES = YES;
				BUNDLE_LOADER = "$(TEST_HOST)";
				CODE_SIGN_STYLE = Automatic;
				INFOPLIST_FILE = TaskTests/Info.plist;
				IPHONEOS_DEPLOYMENT_TARGET = 14.1;
				LD_RUNPATH_SEARCH_PATHS = (
					"$(inherited)",
					"@executable_path/Frameworks",
					"@loader_path/Frameworks",
				);
				PRODUCT_BUNDLE_IDENTIFIER = rahma.TaskTests;
				PRODUCT_NAME = "$(TARGET_NAME)";
				SWIFT_VERSION = 5.0;
				TARGETED_DEVICE_FAMILY = "1,2";
				TEST_HOST = "$(BUILT_PRODUCTS_DIR)/Task.app/Task";
			};
			name = Debug;
		};
		FA232EBB25E2BFE2008E377F /* Release */ = {
			isa = XCBuildConfiguration;
			buildSettings = {
				ALWAYS_EMBED_SWIFT_STANDARD_LIBRARIES = YES;
				BUNDLE_LOADER = "$(TEST_HOST)";
				CODE_SIGN_STYLE = Automatic;
				INFOPLIST_FILE = TaskTests/Info.plist;
				IPHONEOS_DEPLOYMENT_TARGET = 14.1;
				LD_RUNPATH_SEARCH_PATHS = (
					"$(inherited)",
					"@executable_path/Frameworks",
					"@loader_path/Frameworks",
				);
				PRODUCT_BUNDLE_IDENTIFIER = rahma.TaskTests;
				PRODUCT_NAME = "$(TARGET_NAME)";
				SWIFT_VERSION = 5.0;
				TARGETED_DEVICE_FAMILY = "1,2";
				TEST_HOST = "$(BUILT_PRODUCTS_DIR)/Task.app/Task";
			};
			name = Release;
		};
		FA232EBD25E2BFE2008E377F /* Debug */ = {
			isa = XCBuildConfiguration;
			buildSettings = {
				ALWAYS_EMBED_SWIFT_STANDARD_LIBRARIES = YES;
				CODE_SIGN_STYLE = Automatic;
				INFOPLIST_FILE = TaskUITests/Info.plist;
				LD_RUNPATH_SEARCH_PATHS = (
					"$(inherited)",
					"@executable_path/Frameworks",
					"@loader_path/Frameworks",
				);
				PRODUCT_BUNDLE_IDENTIFIER = rahma.TaskUITests;
				PRODUCT_NAME = "$(TARGET_NAME)";
				SWIFT_VERSION = 5.0;
				TARGETED_DEVICE_FAMILY = "1,2";
				TEST_TARGET_NAME = Task;
			};
			name = Debug;
		};
		FA232EBE25E2BFE2008E377F /* Release */ = {
			isa = XCBuildConfiguration;
			buildSettings = {
				ALWAYS_EMBED_SWIFT_STANDARD_LIBRARIES = YES;
				CODE_SIGN_STYLE = Automatic;
				INFOPLIST_FILE = TaskUITests/Info.plist;
				LD_RUNPATH_SEARCH_PATHS = (
					"$(inherited)",
					"@executable_path/Frameworks",
					"@loader_path/Frameworks",
				);
				PRODUCT_BUNDLE_IDENTIFIER = rahma.TaskUITests;
				PRODUCT_NAME = "$(TARGET_NAME)";
				SWIFT_VERSION = 5.0;
				TARGETED_DEVICE_FAMILY = "1,2";
				TEST_TARGET_NAME = Task;
			};
			name = Release;
		};
/* End XCBuildConfiguration section */

/* Begin XCConfigurationList section */
		FA232E8725E2BFDE008E377F /* Build configuration list for PBXProject "Task" */ = {
			isa = XCConfigurationList;
			buildConfigurations = (
				FA232EB425E2BFE2008E377F /* Debug */,
				FA232EB525E2BFE2008E377F /* Release */,
			);
			defaultConfigurationIsVisible = 0;
			defaultConfigurationName = Release;
		};
		FA232EB625E2BFE2008E377F /* Build configuration list for PBXNativeTarget "Task" */ = {
			isa = XCConfigurationList;
			buildConfigurations = (
				FA232EB725E2BFE2008E377F /* Debug */,
				FA232EB825E2BFE2008E377F /* Release */,
			);
			defaultConfigurationIsVisible = 0;
			defaultConfigurationName = Release;
		};
		FA232EB925E2BFE2008E377F /* Build configuration list for PBXNativeTarget "TaskTests" */ = {
			isa = XCConfigurationList;
			buildConfigurations = (
				FA232EBA25E2BFE2008E377F /* Debug */,
				FA232EBB25E2BFE2008E377F /* Release */,
			);
			defaultConfigurationIsVisible = 0;
			defaultConfigurationName = Release;
		};
		FA232EBC25E2BFE2008E377F /* Build configuration list for PBXNativeTarget "TaskUITests" */ = {
			isa = XCConfigurationList;
			buildConfigurations = (
				FA232EBD25E2BFE2008E377F /* Debug */,
				FA232EBE25E2BFE2008E377F /* Release */,
			);
			defaultConfigurationIsVisible = 0;
			defaultConfigurationName = Release;
		};
/* End XCConfigurationList section */
	};
	rootObject = FA232E8425E2BFDE008E377F /* Project object */;
}
